// !$*UTF8*$!
{
	archiveVersion = 1;
	classes = {
	};
	objectVersion = 46;
	objects = {

/* Begin PBXBuildFile section */
		3FA03EFF1EB8DC5E00148536 /* AppDelegate.swift in Sources */ = {isa = PBXBuildFile; fileRef = 3FA03EFE1EB8DC5E00148536 /* AppDelegate.swift */; };
		3FA03F011EB8DC5E00148536 /* GameScene.sks in Resources */ = {isa = PBXBuildFile; fileRef = 3FA03F001EB8DC5E00148536 /* GameScene.sks */; };
		3FA03F031EB8DC5E00148536 /* Actions.sks in Resources */ = {isa = PBXBuildFile; fileRef = 3FA03F021EB8DC5E00148536 /* Actions.sks */; };
		3FA03F051EB8DC5E00148536 /* GameScene.swift in Sources */ = {isa = PBXBuildFile; fileRef = 3FA03F041EB8DC5E00148536 /* GameScene.swift */; };
		3FA03F071EB8DC5E00148536 /* GameViewController.swift in Sources */ = {isa = PBXBuildFile; fileRef = 3FA03F061EB8DC5E00148536 /* GameViewController.swift */; };
		3FA03F0A1EB8DC5E00148536 /* Main.storyboard in Resources */ = {isa = PBXBuildFile; fileRef = 3FA03F081EB8DC5E00148536 /* Main.storyboard */; };
		3FA03F0C1EB8DC5E00148536 /* Assets.xcassets in Resources */ = {isa = PBXBuildFile; fileRef = 3FA03F0B1EB8DC5E00148536 /* Assets.xcassets */; };
		3FA03F0F1EB8DC5E00148536 /* LaunchScreen.storyboard in Resources */ = {isa = PBXBuildFile; fileRef = 3FA03F0D1EB8DC5E00148536 /* LaunchScreen.storyboard */; };
		3FA03F1A1EB8DC5F00148536 /* Ryan_FroggerTests.swift in Sources */ = {isa = PBXBuildFile; fileRef = 3FA03F191EB8DC5F00148536 /* Ryan_FroggerTests.swift */; };
		3FA03F251EB8DC5F00148536 /* Ryan_FroggerUITests.swift in Sources */ = {isa = PBXBuildFile; fileRef = 3FA03F241EB8DC5F00148536 /* Ryan_FroggerUITests.swift */; };
/* End PBXBuildFile section */

/* Begin PBXContainerItemProxy section */
		3FA03F161EB8DC5F00148536 /* PBXContainerItemProxy */ = {
			isa = PBXContainerItemProxy;
			containerPortal = 3FA03EF31EB8DC5E00148536 /* Project object */;
			proxyType = 1;
			remoteGlobalIDString = 3FA03EFA1EB8DC5E00148536;
			remoteInfo = "Ryan Frogger";
		};
		3FA03F211EB8DC5F00148536 /* PBXContainerItemProxy */ = {
			isa = PBXContainerItemProxy;
			containerPortal = 3FA03EF31EB8DC5E00148536 /* Project object */;
			proxyType = 1;
			remoteGlobalIDString = 3FA03EFA1EB8DC5E00148536;
			remoteInfo = "Ryan Frogger";
		};
/* End PBXContainerItemProxy section */

/* Begin PBXFileReference section */
		3FA03EFB1EB8DC5E00148536 /* Ryan Frogger.app */ = {isa = PBXFileReference; explicitFileType = wrapper.application; includeInIndex = 0; path = "Ryan Frogger.app"; sourceTree = BUILT_PRODUCTS_DIR; };
		3FA03EFE1EB8DC5E00148536 /* AppDelegate.swift */ = {isa = PBXFileReference; lastKnownFileType = sourcecode.swift; path = AppDelegate.swift; sourceTree = "<group>"; };
		3FA03F001EB8DC5E00148536 /* GameScene.sks */ = {isa = PBXFileReference; lastKnownFileType = file.sks; path = GameScene.sks; sourceTree = "<group>"; };
		3FA03F021EB8DC5E00148536 /* Actions.sks */ = {isa = PBXFileReference; lastKnownFileType = file.sks; path = Actions.sks; sourceTree = "<group>"; };
		3FA03F041EB8DC5E00148536 /* GameScene.swift */ = {isa = PBXFileReference; lastKnownFileType = sourcecode.swift; path = GameScene.swift; sourceTree = "<group>"; };
		3FA03F061EB8DC5E00148536 /* GameViewController.swift */ = {isa = PBXFileReference; lastKnownFileType = sourcecode.swift; path = GameViewController.swift; sourceTree = "<group>"; };
		3FA03F091EB8DC5E00148536 /* Base */ = {isa = PBXFileReference; lastKnownFileType = file.storyboard; name = Base; path = Base.lproj/Main.storyboard; sourceTree = "<group>"; };
		3FA03F0B1EB8DC5E00148536 /* Assets.xcassets */ = {isa = PBXFileReference; lastKnownFileType = folder.assetcatalog; path = Assets.xcassets; sourceTree = "<group>"; };
		3FA03F0E1EB8DC5E00148536 /* Base */ = {isa = PBXFileReference; lastKnownFileType = file.storyboard; name = Base; path = Base.lproj/LaunchScreen.storyboard; sourceTree = "<group>"; };
		3FA03F101EB8DC5E00148536 /* Info.plist */ = {isa = PBXFileReference; lastKnownFileType = text.plist.xml; path = Info.plist; sourceTree = "<group>"; };
		3FA03F151EB8DC5F00148536 /* Ryan FroggerTests.xctest */ = {isa = PBXFileReference; explicitFileType = wrapper.cfbundle; includeInIndex = 0; path = "Ryan FroggerTests.xctest"; sourceTree = BUILT_PRODUCTS_DIR; };
		3FA03F191EB8DC5F00148536 /* Ryan_FroggerTests.swift */ = {isa = PBXFileReference; lastKnownFileType = sourcecode.swift; path = Ryan_FroggerTests.swift; sourceTree = "<group>"; };
		3FA03F1B1EB8DC5F00148536 /* Info.plist */ = {isa = PBXFileReference; lastKnownFileType = text.plist.xml; path = Info.plist; sourceTree = "<group>"; };
		3FA03F201EB8DC5F00148536 /* Ryan FroggerUITests.xctest */ = {isa = PBXFileReference; explicitFileType = wrapper.cfbundle; includeInIndex = 0; path = "Ryan FroggerUITests.xctest"; sourceTree = BUILT_PRODUCTS_DIR; };
		3FA03F241EB8DC5F00148536 /* Ryan_FroggerUITests.swift */ = {isa = PBXFileReference; lastKnownFileType = sourcecode.swift; path = Ryan_FroggerUITests.swift; sourceTree = "<group>"; };
		3FA03F261EB8DC5F00148536 /* Info.plist */ = {isa = PBXFileReference; lastKnownFileType = text.plist.xml; path = Info.plist; sourceTree = "<group>"; };
/* End PBXFileReference section */

/* Begin PBXFrameworksBuildPhase section */
		3FA03EF81EB8DC5E00148536 /* Frameworks */ = {
			isa = PBXFrameworksBuildPhase;
			buildActionMask = 2147483647;
			files = (
			);
			runOnlyForDeploymentPostprocessing = 0;
		};
		3FA03F121EB8DC5F00148536 /* Frameworks */ = {
			isa = PBXFrameworksBuildPhase;
			buildActionMask = 2147483647;
			files = (
			);
			runOnlyForDeploymentPostprocessing = 0;
		};
		3FA03F1D1EB8DC5F00148536 /* Frameworks */ = {
			isa = PBXFrameworksBuildPhase;
			buildActionMask = 2147483647;
			files = (
			);
			runOnlyForDeploymentPostprocessing = 0;
		};
/* End PBXFrameworksBuildPhase section */

/* Begin PBXGroup section */
		3FA03EF21EB8DC5E00148536 = {
			isa = PBXGroup;
			children = (
				3FA03EFD1EB8DC5E00148536 /* Ryan Frogger */,
				3FA03F181EB8DC5F00148536 /* Ryan FroggerTests */,
				3FA03F231EB8DC5F00148536 /* Ryan FroggerUITests */,
				3FA03EFC1EB8DC5E00148536 /* Products */,
			);
			sourceTree = "<group>";
		};
		3FA03EFC1EB8DC5E00148536 /* Products */ = {
			isa = PBXGroup;
			children = (
				3FA03EFB1EB8DC5E00148536 /* Ryan Frogger.app */,
				3FA03F151EB8DC5F00148536 /* Ryan FroggerTests.xctest */,
				3FA03F201EB8DC5F00148536 /* Ryan FroggerUITests.xctest */,
			);
			name = Products;
			sourceTree = "<group>";
		};
		3FA03EFD1EB8DC5E00148536 /* Ryan Frogger */ = {
			isa = PBXGroup;
			children = (
				3FA03EFE1EB8DC5E00148536 /* AppDelegate.swift */,
				3FA03F001EB8DC5E00148536 /* GameScene.sks */,
				3FA03F021EB8DC5E00148536 /* Actions.sks */,
				3FA03F041EB8DC5E00148536 /* GameScene.swift */,
				3FA03F061EB8DC5E00148536 /* GameViewController.swift */,
				3FA03F081EB8DC5E00148536 /* Main.storyboard */,
				3FA03F0B1EB8DC5E00148536 /* Assets.xcassets */,
				3FA03F0D1EB8DC5E00148536 /* LaunchScreen.storyboard */,
				3FA03F101EB8DC5E00148536 /* Info.plist */,
			);
			path = "Ryan Frogger";
			sourceTree = "<group>";
		};
		3FA03F181EB8DC5F00148536 /* Ryan FroggerTests */ = {
			isa = PBXGroup;
			children = (
				3FA03F191EB8DC5F00148536 /* Ryan_FroggerTests.swift */,
				3FA03F1B1EB8DC5F00148536 /* Info.plist */,
			);
			path = "Ryan FroggerTests";
			sourceTree = "<group>";
		};
		3FA03F231EB8DC5F00148536 /* Ryan FroggerUITests */ = {
			isa = PBXGroup;
			children = (
				3FA03F241EB8DC5F00148536 /* Ryan_FroggerUITests.swift */,
				3FA03F261EB8DC5F00148536 /* Info.plist */,
			);
			path = "Ryan FroggerUITests";
			sourceTree = "<group>";
		};
/* End PBXGroup section */

/* Begin PBXNativeTarget section */
		3FA03EFA1EB8DC5E00148536 /* Ryan Frogger */ = {
			isa = PBXNativeTarget;
			buildConfigurationList = 3FA03F291EB8DC5F00148536 /* Build configuration list for PBXNativeTarget "Ryan Frogger" */;
			buildPhases = (
				3FA03EF71EB8DC5E00148536 /* Sources */,
				3FA03EF81EB8DC5E00148536 /* Frameworks */,
				3FA03EF91EB8DC5E00148536 /* Resources */,
			);
			buildRules = (
			);
			dependencies = (
			);
			name = "Ryan Frogger";
			productName = "Ryan Frogger";
			productReference = 3FA03EFB1EB8DC5E00148536 /* Ryan Frogger.app */;
			productType = "com.apple.product-type.application";
		};
		3FA03F141EB8DC5F00148536 /* Ryan FroggerTests */ = {
			isa = PBXNativeTarget;
			buildConfigurationList = 3FA03F2C1EB8DC5F00148536 /* Build configuration list for PBXNativeTarget "Ryan FroggerTests" */;
			buildPhases = (
				3FA03F111EB8DC5F00148536 /* Sources */,
				3FA03F121EB8DC5F00148536 /* Frameworks */,
				3FA03F131EB8DC5F00148536 /* Resources */,
			);
			buildRules = (
			);
			dependencies = (
				3FA03F171EB8DC5F00148536 /* PBXTargetDependency */,
			);
			name = "Ryan FroggerTests";
			productName = "Ryan FroggerTests";
			productReference = 3FA03F151EB8DC5F00148536 /* Ryan FroggerTests.xctest */;
			productType = "com.apple.product-type.bundle.unit-test";
		};
		3FA03F1F1EB8DC5F00148536 /* Ryan FroggerUITests */ = {
			isa = PBXNativeTarget;
			buildConfigurationList = 3FA03F2F1EB8DC5F00148536 /* Build configuration list for PBXNativeTarget "Ryan FroggerUITests" */;
			buildPhases = (
				3FA03F1C1EB8DC5F00148536 /* Sources */,
				3FA03F1D1EB8DC5F00148536 /* Frameworks */,
				3FA03F1E1EB8DC5F00148536 /* Resources */,
			);
			buildRules = (
			);
			dependencies = (
				3FA03F221EB8DC5F00148536 /* PBXTargetDependency */,
			);
			name = "Ryan FroggerUITests";
			productName = "Ryan FroggerUITests";
			productReference = 3FA03F201EB8DC5F00148536 /* Ryan FroggerUITests.xctest */;
			productType = "com.apple.product-type.bundle.ui-testing";
		};
/* End PBXNativeTarget section */

/* Begin PBXProject section */
		3FA03EF31EB8DC5E00148536 /* Project object */ = {
			isa = PBXProject;
			attributes = {
				LastSwiftUpdateCheck = 0830;
				LastUpgradeCheck = 0830;
				ORGANIZATIONNAME = "Scott & Carter";
				TargetAttributes = {
					3FA03EFA1EB8DC5E00148536 = {
						CreatedOnToolsVersion = 8.3.2;
						DevelopmentTeam = WV45WQ8QA9;
						ProvisioningStyle = Automatic;
					};
					3FA03F141EB8DC5F00148536 = {
						CreatedOnToolsVersion = 8.3.2;
						ProvisioningStyle = Automatic;
						TestTargetID = 3FA03EFA1EB8DC5E00148536;
					};
					3FA03F1F1EB8DC5F00148536 = {
						CreatedOnToolsVersion = 8.3.2;
						ProvisioningStyle = Automatic;
						TestTargetID = 3FA03EFA1EB8DC5E00148536;
					};
				};
			};
			buildConfigurationList = 3FA03EF61EB8DC5E00148536 /* Build configuration list for PBXProject "Ryan Frogger" */;
			compatibilityVersion = "Xcode 3.2";
			developmentRegion = English;
			hasScannedForEncodings = 0;
			knownRegions = (
				en,
				Base,
			);
			mainGroup = 3FA03EF21EB8DC5E00148536;
			productRefGroup = 3FA03EFC1EB8DC5E00148536 /* Products */;
			projectDirPath = "";
			projectRoot = "";
			targets = (
				3FA03EFA1EB8DC5E00148536 /* Ryan Frogger */,
				3FA03F141EB8DC5F00148536 /* Ryan FroggerTests */,
				3FA03F1F1EB8DC5F00148536 /* Ryan FroggerUITests */,
			);
		};
/* End PBXProject section */

/* Begin PBXResourcesBuildPhase section */
		3FA03EF91EB8DC5E00148536 /* Resources */ = {
			isa = PBXResourcesBuildPhase;
			buildActionMask = 2147483647;
			files = (
				3FA03F0A1EB8DC5E00148536 /* Main.storyboard in Resources */,
				3FA03F011EB8DC5E00148536 /* GameScene.sks in Resources */,
				3FA03F0C1EB8DC5E00148536 /* Assets.xcassets in Resources */,
				3FA03F0F1EB8DC5E00148536 /* LaunchScreen.storyboard in Resources */,
				3FA03F031EB8DC5E00148536 /* Actions.sks in Resources */,
			);
			runOnlyForDeploymentPostprocessing = 0;
		};
		3FA03F131EB8DC5F00148536 /* Resources */ = {
			isa = PBXResourcesBuildPhase;
			buildActionMask = 2147483647;
			files = (
			);
			runOnlyForDeploymentPostprocessing = 0;
		};
		3FA03F1E1EB8DC5F00148536 /* Resources */ = {
			isa = PBXResourcesBuildPhase;
			buildActionMask = 2147483647;
			files = (
			);
			runOnlyForDeploymentPostprocessing = 0;
		};
/* End PBXResourcesBuildPhase section */

/* Begin PBXSourcesBuildPhase section */
		3FA03EF71EB8DC5E00148536 /* Sources */ = {
			isa = PBXSourcesBuildPhase;
			buildActionMask = 2147483647;
			files = (
				3FA03F051EB8DC5E00148536 /* GameScene.swift in Sources */,
				3FA03F071EB8DC5E00148536 /* GameViewController.swift in Sources */,
				3FA03EFF1EB8DC5E00148536 /* AppDelegate.swift in Sources */,
			);
			runOnlyForDeploymentPostprocessing = 0;
		};
		3FA03F111EB8DC5F00148536 /* Sources */ = {
			isa = PBXSourcesBuildPhase;
			buildActionMask = 2147483647;
			files = (
				3FA03F1A1EB8DC5F00148536 /* Ryan_FroggerTests.swift in Sources */,
			);
			runOnlyForDeploymentPostprocessing = 0;
		};
		3FA03F1C1EB8DC5F00148536 /* Sources */ = {
			isa = PBXSourcesBuildPhase;
			buildActionMask = 2147483647;
			files = (
				3FA03F251EB8DC5F00148536 /* Ryan_FroggerUITests.swift in Sources */,
			);
			runOnlyForDeploymentPostprocessing = 0;
		};
/* End PBXSourcesBuildPhase section */

/* Begin PBXTargetDependency section */
		3FA03F171EB8DC5F00148536 /* PBXTargetDependency */ = {
			isa = PBXTargetDependency;
			target = 3FA03EFA1EB8DC5E00148536 /* Ryan Frogger */;
			targetProxy = 3FA03F161EB8DC5F00148536 /* PBXContainerItemProxy */;
		};
		3FA03F221EB8DC5F00148536 /* PBXTargetDependency */ = {
			isa = PBXTargetDependency;
			target = 3FA03EFA1EB8DC5E00148536 /* Ryan Frogger */;
			targetProxy = 3FA03F211EB8DC5F00148536 /* PBXContainerItemProxy */;
		};
/* End PBXTargetDependency section */

/* Begin PBXVariantGroup section */
		3FA03F081EB8DC5E00148536 /* Main.storyboard */ = {
			isa = PBXVariantGroup;
			children = (
				3FA03F091EB8DC5E00148536 /* Base */,
			);
			name = Main.storyboard;
			sourceTree = "<group>";
		};
		3FA03F0D1EB8DC5E00148536 /* LaunchScreen.storyboard */ = {
			isa = PBXVariantGroup;
			children = (
				3FA03F0E1EB8DC5E00148536 /* Base */,
			);
			name = LaunchScreen.storyboard;
			sourceTree = "<group>";
		};
/* End PBXVariantGroup section */

/* Begin XCBuildConfiguration section */
		3FA03F271EB8DC5F00148536 /* Debug */ = {
			isa = XCBuildConfiguration;
			buildSettings = {
				ALWAYS_SEARCH_USER_PATHS = NO;
				CLANG_ANALYZER_NONNULL = YES;
				CLANG_ANALYZER_NUMBER_OBJECT_CONVERSION = YES_AGGRESSIVE;
				CLANG_CXX_LANGUAGE_STANDARD = "gnu++0x";
				CLANG_CXX_LIBRARY = "libc++";
				CLANG_ENABLE_MODULES = YES;
				CLANG_ENABLE_OBJC_ARC = YES;
				CLANG_WARN_BOOL_CONVERSION = YES;
				CLANG_WARN_CONSTANT_CONVERSION = YES;
				CLANG_WARN_DIRECT_OBJC_ISA_USAGE = YES_ERROR;
				CLANG_WARN_DOCUMENTATION_COMMENTS = YES;
				CLANG_WARN_EMPTY_BODY = YES;
				CLANG_WARN_ENUM_CONVERSION = YES;
				CLANG_WARN_INFINITE_RECURSION = YES;
				CLANG_WARN_INT_CONVERSION = YES;
				CLANG_WARN_OBJC_ROOT_CLASS = YES_ERROR;
				CLANG_WARN_SUSPICIOUS_MOVE = YES;
				CLANG_WARN_UNREACHABLE_CODE = YES;
				CLANG_WARN__DUPLICATE_METHOD_MATCH = YES;
				"CODE_SIGN_IDENTITY[sdk=iphoneos*]" = "iPhone Developer";
				COPY_PHASE_STRIP = NO;
				DEBUG_INFORMATION_FORMAT = dwarf;
				ENABLE_STRICT_OBJC_MSGSEND = YES;
				ENABLE_TESTABILITY = YES;
				GCC_C_LANGUAGE_STANDARD = gnu99;
				GCC_DYNAMIC_NO_PIC = NO;
				GCC_NO_COMMON_BLOCKS = YES;
				GCC_OPTIMIZATION_LEVEL = 0;
				GCC_PREPROCESSOR_DEFINITIONS = (
					"DEBUG=1",
					"$(inherited)",
				);
				GCC_WARN_64_TO_32_BIT_CONVERSION = YES;
				GCC_WARN_ABOUT_RETURN_TYPE = YES_ERROR;
				GCC_WARN_UNDECLARED_SELECTOR = YES;
				GCC_WARN_UNINITIALIZED_AUTOS = YES_AGGRESSIVE;
				GCC_WARN_UNUSED_FUNCTION = YES;
				GCC_WARN_UNUSED_VARIABLE = YES;
				IPHONEOS_DEPLOYMENT_TARGET = 10.3;
				MTL_ENABLE_DEBUG_INFO = YES;
				ONLY_ACTIVE_ARCH = YES;
				SDKROOT = iphoneos;
				SWIFT_ACTIVE_COMPILATION_CONDITIONS = DEBUG;
				SWIFT_OPTIMIZATION_LEVEL = "-Onone";
				TARGETED_DEVICE_FAMILY = "1,2";
			};
			name = Debug;
		};
		3FA03F281EB8DC5F00148536 /* Release */ = {
			isa = XCBuildConfiguration;
			buildSettings = {
				ALWAYS_SEARCH_USER_PATHS = NO;
				CLANG_ANALYZER_NONNULL = YES;
				CLANG_ANALYZER_NUMBER_OBJECT_CONVERSION = YES_AGGRESSIVE;
				CLANG_CXX_LANGUAGE_STANDARD = "gnu++0x";
				CLANG_CXX_LIBRARY = "libc++";
				CLANG_ENABLE_MODULES = YES;
				CLANG_ENABLE_OBJC_ARC = YES;
				CLANG_WARN_BOOL_CONVERSION = YES;
				CLANG_WARN_CONSTANT_CONVERSION = YES;
				CLANG_WARN_DIRECT_OBJC_ISA_USAGE = YES_ERROR;
				CLANG_WARN_DOCUMENTATION_COMMENTS = YES;
				CLANG_WARN_EMPTY_BODY = YES;
				CLANG_WARN_ENUM_CONVERSION = YES;
				CLANG_WARN_INFINITE_RECURSION = YES;
				CLANG_WARN_INT_CONVERSION = YES;
				CLANG_WARN_OBJC_ROOT_CLASS = YES_ERROR;
				CLANG_WARN_SUSPICIOUS_MOVE = YES;
				CLANG_WARN_UNREACHABLE_CODE = YES;
				CLANG_WARN__DUPLICATE_METHOD_MATCH = YES;
				"CODE_SIGN_IDENTITY[sdk=iphoneos*]" = "iPhone Developer";
				COPY_PHASE_STRIP = NO;
				DEBUG_INFORMATION_FORMAT = "dwarf-with-dsym";
				ENABLE_NS_ASSERTIONS = NO;
				ENABLE_STRICT_OBJC_MSGSEND = YES;
				GCC_C_LANGUAGE_STANDARD = gnu99;
				GCC_NO_COMMON_BLOCKS = YES;
				GCC_WARN_64_TO_32_BIT_CONVERSION = YES;
				GCC_WARN_ABOUT_RETURN_TYPE = YES_ERROR;
				GCC_WARN_UNDECLARED_SELECTOR = YES;
				GCC_WARN_UNINITIALIZED_AUTOS = YES_AGGRESSIVE;
				GCC_WARN_UNUSED_FUNCTION = YES;
				GCC_WARN_UNUSED_VARIABLE = YES;
				IPHONEOS_DEPLOYMENT_TARGET = 10.3;
				MTL_ENABLE_DEBUG_INFO = NO;
				SDKROOT = iphoneos;
				SWIFT_OPTIMIZATION_LEVEL = "-Owholemodule";
				TARGETED_DEVICE_FAMILY = "1,2";
				VALIDATE_PRODUCT = YES;
			};
			name = Release;
		};
		3FA03F2A1EB8DC5F00148536 /* Debug */ = {
			isa = XCBuildConfiguration;
			buildSettings = {
				ASSETCATALOG_COMPILER_APPICON_NAME = AppIcon;
				"CODE_SIGN_IDENTITY[sdk=iphoneos*]" = "iPhone Developer";
				DEVELOPMENT_TEAM = WV45WQ8QA9;
				INFOPLIST_FILE = "Ryan Frogger/Info.plist";
				LD_RUNPATH_SEARCH_PATHS = "$(inherited) @executable_path/Frameworks";
				PRODUCT_BUNDLE_IDENTIFIER = "SC.Ryan-Frogger";
				PRODUCT_NAME = "$(TARGET_NAME)";
				PROVISIONING_PROFILE_SPECIFIER = "";
				SWIFT_VERSION = 3.0;
			};
			name = Debug;
		};
		3FA03F2B1EB8DC5F00148536 /* Release */ = {
			isa = XCBuildConfiguration;
			buildSettings = {
				ASSETCATALOG_COMPILER_APPICON_NAME = AppIcon;
				"CODE_SIGN_IDENTITY[sdk=iphoneos*]" = "iPhone Developer";
				DEVELOPMENT_TEAM = WV45WQ8QA9;
				INFOPLIST_FILE = "Ryan Frogger/Info.plist";
				LD_RUNPATH_SEARCH_PATHS = "$(inherited) @executable_path/Frameworks";
				PRODUCT_BUNDLE_IDENTIFIER = "SC.Ryan-Frogger";
				PRODUCT_NAME = "$(TARGET_NAME)";
				PROVISIONING_PROFILE_SPECIFIER = "";
				SWIFT_VERSION = 3.0;
			};
			name = Release;
		};
		3FA03F2D1EB8DC5F00148536 /* Debug */ = {
			isa = XCBuildConfiguration;
			buildSettings = {
				ALWAYS_EMBED_SWIFT_STANDARD_LIBRARIES = YES;
				BUNDLE_LOADER = "$(TEST_HOST)";
				INFOPLIST_FILE = "Ryan FroggerTests/Info.plist";
				LD_RUNPATH_SEARCH_PATHS = "$(inherited) @executable_path/Frameworks @loader_path/Frameworks";
				PRODUCT_BUNDLE_IDENTIFIER = "SC.Ryan-FroggerTests";
				PRODUCT_NAME = "$(TARGET_NAME)";
				SWIFT_VERSION = 3.0;
				TEST_HOST = "$(BUILT_PRODUCTS_DIR)/Ryan Frogger.app/Ryan Frogger";
			};
			name = Debug;
		};
		3FA03F2E1EB8DC5F00148536 /* Release */ = {
			isa = XCBuildConfiguration;
			buildSettings = {
				ALWAYS_EMBED_SWIFT_STANDARD_LIBRARIES = YES;
				BUNDLE_LOADER = "$(TEST_HOST)";
				INFOPLIST_FILE = "Ryan FroggerTests/Info.plist";
				LD_RUNPATH_SEARCH_PATHS = "$(inherited) @executable_path/Frameworks @loader_path/Frameworks";
				PRODUCT_BUNDLE_IDENTIFIER = "SC.Ryan-FroggerTests";
				PRODUCT_NAME = "$(TARGET_NAME)";
				SWIFT_VERSION = 3.0;
				TEST_HOST = "$(BUILT_PRODUCTS_DIR)/Ryan Frogger.app/Ryan Frogger";
			};
			name = Release;
		};
		3FA03F301EB8DC5F00148536 /* Debug */ = {
			isa = XCBuildConfiguration;
			buildSettings = {
				ALWAYS_EMBED_SWIFT_STANDARD_LIBRARIES = YES;
				INFOPLIST_FILE = "Ryan FroggerUITests/Info.plist";
				LD_RUNPATH_SEARCH_PATHS = "$(inherited) @executable_path/Frameworks @loader_path/Frameworks";
				PRODUCT_BUNDLE_IDENTIFIER = "SC.Ryan-FroggerUITests";
				PRODUCT_NAME = "$(TARGET_NAME)";
				SWIFT_VERSION = 3.0;
				TEST_TARGET_NAME = "Ryan Frogger";
			};
			name = Debug;
		};
		3FA03F311EB8DC5F00148536 /* Release */ = {
			isa = XCBuildConfiguration;
			buildSettings = {
				ALWAYS_EMBED_SWIFT_STANDARD_LIBRARIES = YES;
				INFOPLIST_FILE = "Ryan FroggerUITests/Info.plist";
				LD_RUNPATH_SEARCH_PATHS = "$(inherited) @executable_path/Frameworks @loader_path/Frameworks";
				PRODUCT_BUNDLE_IDENTIFIER = "SC.Ryan-FroggerUITests";
				PRODUCT_NAME = "$(TARGET_NAME)";
				SWIFT_VERSION = 3.0;
				TEST_TARGET_NAME = "Ryan Frogger";
			};
			name = Release;
		};
/* End XCBuildConfiguration section */

/* Begin XCConfigurationList section */
		3FA03EF61EB8DC5E00148536 /* Build configuration list for PBXProject "Ryan Frogger" */ = {
			isa = XCConfigurationList;
			buildConfigurations = (
				3FA03F271EB8DC5F00148536 /* Debug */,
				3FA03F281EB8DC5F00148536 /* Release */,
			);
			defaultConfigurationIsVisible = 0;
			defaultConfigurationName = Release;
		};
		3FA03F291EB8DC5F00148536 /* Build configuration list for PBXNativeTarget "Ryan Frogger" */ = {
			isa = XCConfigurationList;
			buildConfigurations = (
				3FA03F2A1EB8DC5F00148536 /* Debug */,
				3FA03F2B1EB8DC5F00148536 /* Release */,
			);
			defaultConfigurationIsVisible = 0;
			defaultConfigurationName = Release;
		};
		3FA03F2C1EB8DC5F00148536 /* Build configuration list for PBXNativeTarget "Ryan FroggerTests" */ = {
			isa = XCConfigurationList;
			buildConfigurations = (
				3FA03F2D1EB8DC5F00148536 /* Debug */,
				3FA03F2E1EB8DC5F00148536 /* Release */,
			);
			defaultConfigurationIsVisible = 0;
			defaultConfigurationName = Release;
		};
		3FA03F2F1EB8DC5F00148536 /* Build configuration list for PBXNativeTarget "Ryan FroggerUITests" */ = {
			isa = XCConfigurationList;
			buildConfigurations = (
				3FA03F301EB8DC5F00148536 /* Debug */,
				3FA03F311EB8DC5F00148536 /* Release */,
			);
			defaultConfigurationIsVisible = 0;
			defaultConfigurationName = Release;
		};
/* End XCConfigurationList section */
	};
	rootObject = 3FA03EF31EB8DC5E00148536 /* Project object */;
}
